
Microsoft Visual Studio Solution File, Format Version 12.00
# Visual Studio Version 16
VisualStudioVersion = 16.0.32228.343
MinimumVisualStudioVersion = 10.0.40219.1
Project("{9A19103F-16F7-4668-BE54-9A1E7A4F7556}") = "C3_Urilites", "C3_Urilites\C3_Urilites.csproj", "{6756E5A3-62F3-4314-861F-FF3FDFA8B8B6}"
EndProject
Project("{9A19103F-16F7-4668-BE54-9A1E7A4F7556}") = "MyLibrary", "MyLibrary\MyLibrary.csproj", "{DC0E5E61-B2D2-44BD-BDB8-8174A703C1F8}"
EndProject
Project("{9A19103F-16F7-4668-BE54-9A1E7A4F7556}") = "Test_Project", "Test_Project\Test_Project.csproj", "{34569E71-E977-4D9A-8865-C7A26BD2052A}"
EndProject
Project("{9A19103F-16F7-4668-BE54-9A1E7A4F7556}") = "TestP", "TestP\TestP.csproj", "{8997130A-42BE-473D-B7DA-28682CDA5357}"
EndProject
Project("{9A19103F-16F7-4668-BE54-9A1E7A4F7556}") = "WorkWthThreads", "WorkWthThreads\WorkWthThreads.csproj", "{B38EE0CC-7033-423A-A2CE-DEFE90ADA2B1}"
EndProject
Project("{2150E333-8FDC-42A3-9474-1A3956D46DE8}") = "Threads", "Threads", "{ECD15F2F-C842-4885-9B76-F8846843280C}"
EndProject
Project("{9A19103F-16F7-4668-BE54-9A1E7A4F7556}") = "WorkWthThreads2", "WorkWthThreads2\WorkWthThreads2.csproj", "{CE47BACF-C11A-49CF-9C59-1732718E58E4}"
EndProject
Project("{9A19103F-16F7-4668-BE54-9A1E7A4F7556}") = "WorkWthThread3", "WorkWthThread3\WorkWthThread3.csproj", "{59FC60F9-284A-42D2-808C-6ACB6F053941}"
EndProject
Project("{9A19103F-16F7-4668-BE54-9A1E7A4F7556}") = "WorkWthThread4", "WorkWthThread4\WorkWthThread4.csproj", "{3E1A2714-48C4-4164-8840-76F0F56EA37B}"
EndProject
Project("{FAE04EC0-301F-11D3-BF4B-00C04F79EFBC}") = "WPFHomeTask", "WPFHomeTask\WPFHomeTask.csproj", "{5291DD72-13A1-49B5-BA84-47EF58BC6E9F}"
EndProject
Global
	GlobalSection(SolutionConfigurationPlatforms) = preSolution
		Debug|Any CPU = Debug|Any CPU
		Release|Any CPU = Release|Any CPU
	EndGlobalSection
	GlobalSection(ProjectConfigurationPlatforms) = postSolution
		{6756E5A3-62F3-4314-861F-FF3FDFA8B8B6}.Debug|Any CPU.ActiveCfg = Debug|Any CPU
		{6756E5A3-62F3-4314-861F-FF3FDFA8B8B6}.Debug|Any CPU.Build.0 = Debug|Any CPU
		{6756E5A3-62F3-4314-861F-FF3FDFA8B8B6}.Release|Any CPU.ActiveCfg = Release|Any CPU
		{6756E5A3-62F3-4314-861F-FF3FDFA8B8B6}.Release|Any CPU.Build.0 = Release|Any CPU
		{DC0E5E61-B2D2-44BD-BDB8-8174A703C1F8}.Debug|Any CPU.ActiveCfg = Debug|Any CPU
		{DC0E5E61-B2D2-44BD-BDB8-8174A703C1F8}.Debug|Any CPU.Build.0 = Debug|Any CPU
		{DC0E5E61-B2D2-44BD-BDB8-8174A703C1F8}.Release|Any CPU.ActiveCfg = Release|Any CPU
		{DC0E5E61-B2D2-44BD-BDB8-8174A703C1F8}.Release|Any CPU.Build.0 = Release|Any CPU
		{34569E71-E977-4D9A-8865-C7A26BD2052A}.Debug|Any CPU.ActiveCfg = Debug|Any CPU
		{34569E71-E977-4D9A-8865-C7A26BD2052A}.Debug|Any CPU.Build.0 = Debug|Any CPU
		{34569E71-E977-4D9A-8865-C7A26BD2052A}.Release|Any CPU.ActiveCfg = Release|Any CPU
		{34569E71-E977-4D9A-8865-C7A26BD2052A}.Release|Any CPU.Build.0 = Release|Any CPU
		{8997130A-42BE-473D-B7DA-28682CDA5357}.Debug|Any CPU.ActiveCfg = Debug|Any CPU
		{8997130A-42BE-473D-B7DA-28682CDA5357}.Debug|Any CPU.Build.0 = Debug|Any CPU
		{8997130A-42BE-473D-B7DA-28682CDA5357}.Release|Any CPU.ActiveCfg = Release|Any CPU
		{8997130A-42BE-473D-B7DA-28682CDA5357}.Release|Any CPU.Build.0 = Release|Any CPU
		{B38EE0CC-7033-423A-A2CE-DEFE90ADA2B1}.Debug|Any CPU.ActiveCfg = Debug|Any CPU
		{B38EE0CC-7033-423A-A2CE-DEFE90ADA2B1}.Debug|Any CPU.Build.0 = Debug|Any CPU
		{B38EE0CC-7033-423A-A2CE-DEFE90ADA2B1}.Release|Any CPU.ActiveCfg = Release|Any CPU
		{B38EE0CC-7033-423A-A2CE-DEFE90ADA2B1}.Release|Any CPU.Build.0 = Release|Any CPU
		{CE47BACF-C11A-49CF-9C59-1732718E58E4}.Debug|Any CPU.ActiveCfg = Debug|Any CPU
		{CE47BACF-C11A-49CF-9C59-1732718E58E4}.Debug|Any CPU.Build.0 = Debug|Any CPU
		{CE47BACF-C11A-49CF-9C59-1732718E58E4}.Release|Any CPU.ActiveCfg = Release|Any CPU
		{CE47BACF-C11A-49CF-9C59-1732718E58E4}.Release|Any CPU.Build.0 = Release|Any CPU
		{59FC60F9-284A-42D2-808C-6ACB6F053941}.Debug|Any CPU.ActiveCfg = Debug|Any CPU
		{59FC60F9-284A-42D2-808C-6ACB6F053941}.Debug|Any CPU.Build.0 = Debug|Any CPU
		{59FC60F9-284A-42D2-808C-6ACB6F053941}.Release|Any CPU.ActiveCfg = Release|Any CPU
		{59FC60F9-284A-42D2-808C-6ACB6F053941}.Release|Any CPU.Build.0 = Release|Any CPU
		{3E1A2714-48C4-4164-8840-76F0F56EA37B}.Debug|Any CPU.ActiveCfg = Debug|Any CPU
		{3E1A2714-48C4-4164-8840-76F0F56EA37B}.Debug|Any CPU.Build.0 = Debug|Any CPU
		{3E1A2714-48C4-4164-8840-76F0F56EA37B}.Release|Any CPU.ActiveCfg = Release|Any CPU
		{3E1A2714-48C4-4164-8840-76F0F56EA37B}.Release|Any CPU.Build.0 = Release|Any CPU
		{5291DD72-13A1-49B5-BA84-47EF58BC6E9F}.Debug|Any CPU.ActiveCfg = Debug|Any CPU
		{5291DD72-13A1-49B5-BA84-47EF58BC6E9F}.Debug|Any CPU.Build.0 = Debug|Any CPU
		{5291DD72-13A1-49B5-BA84-47EF58BC6E9F}.Release|Any CPU.ActiveCfg = Release|Any CPU
		{5291DD72-13A1-49B5-BA84-47EF58BC6E9F}.Release|Any CPU.Build.0 = Release|Any CPU
	EndGlobalSection
	GlobalSection(SolutionProperties) = preSolution
		HideSolutionNode = FALSE
	EndGlobalSection
	GlobalSection(NestedProjects) = preSolution
		{B38EE0CC-7033-423A-A2CE-DEFE90ADA2B1} = {ECD15F2F-C842-4885-9B76-F8846843280C}
		{CE47BACF-C11A-49CF-9C59-1732718E58E4} = {ECD15F2F-C842-4885-9B76-F8846843280C}
		{59FC60F9-284A-42D2-808C-6ACB6F053941} = {ECD15F2F-C842-4885-9B76-F8846843280C}
		{3E1A2714-48C4-4164-8840-76F0F56EA37B} = {ECD15F2F-C842-4885-9B76-F8846843280C}
		{5291DD72-13A1-49B5-BA84-47EF58BC6E9F} = {ECD15F2F-C842-4885-9B76-F8846843280C}
	EndGlobalSection
	GlobalSection(ExtensibilityGlobals) = postSolution
		SolutionGuid = {536C8362-A21A-49CA-80A1-2B2F5C0008D8}
	EndGlobalSection
EndGlobal
