
Microsoft Visual Studio Solution File, Format Version 12.00
# Visual Studio Version 16
VisualStudioVersion = 16.0.32228.343
MinimumVisualStudioVersion = 10.0.40219.1
Project("{9A19103F-16F7-4668-BE54-9A1E7A4F7556}") = "C3_Urilites", "C3_Urilites\C3_Urilites.csproj", "{6756E5A3-62F3-4314-861F-FF3FDFA8B8B6}"
EndProject
Project("{9A19103F-16F7-4668-BE54-9A1E7A4F7556}") = "MyLibrary", "MyLibrary\MyLibrary.csproj", "{DC0E5E61-B2D2-44BD-BDB8-8174A703C1F8}"
EndProject
Project("{9A19103F-16F7-4668-BE54-9A1E7A4F7556}") = "Test_Project", "Test_Project\Test_Project.csproj", "{34569E71-E977-4D9A-8865-C7A26BD2052A}"
EndProject
Project("{9A19103F-16F7-4668-BE54-9A1E7A4F7556}") = "TestP", "TestP\TestP.csproj", "{8997130A-42BE-473D-B7DA-28682CDA5357}"
EndProject
Project("{9A19103F-16F7-4668-BE54-9A1E7A4F7556}") = "WorkWthThreads", "WorkWthThreads\WorkWthThreads.csproj", "{B38EE0CC-7033-423A-A2CE-DEFE90ADA2B1}"
EndProject
Project("{2150E333-8FDC-42A3-9474-1A3956D46DE8}") = "Threads", "Threads", "{ECD15F2F-C842-4885-9B76-F8846843280C}"
EndProject
Project("{9A19103F-16F7-4668-BE54-9A1E7A4F7556}") = "WorkWthThreads2", "WorkWthThreads2\WorkWthThreads2.csproj", "{CE47BACF-C11A-49CF-9C59-1732718E58E4}"
EndProject
Project("{9A19103F-16F7-4668-BE54-9A1E7A4F7556}") = "WorkWthThread3", "WorkWthThread3\WorkWthThread3.csproj", "{59FC60F9-284A-42D2-808C-6ACB6F053941}"
EndProject
Project("{9A19103F-16F7-4668-BE54-9A1E7A4F7556}") = "WorkWthThread4", "WorkWthThread4\WorkWthThread4.csproj", "{3E1A2714-48C4-4164-8840-76F0F56EA37B}"
EndProject
Project("{FAE04EC0-301F-11D3-BF4B-00C04F79EFBC}") = "WPFHomeTask", "WPFHomeTask\WPFHomeTask.csproj", "{5291DD72-13A1-49B5-BA84-47EF58BC6E9F}"
EndProject
Project("{9A19103F-16F7-4668-BE54-9A1E7A4F7556}") = "AdressesDataBase", "AdressesDataBase\AdressesDataBase.csproj", "{2938AD05-08F0-4741-9099-956AFAC32312}"
EndProject
Project("{2150E333-8FDC-42A3-9474-1A3956D46DE8}") = "Task", "Task", "{1783D730-460F-4CB5-8050-50D34226166A}"
EndProject
Project("{FAE04EC0-301F-11D3-BF4B-00C04F79EFBC}") = "CATask", "CATask\CATask.csproj", "{9E0F2DEE-D1E5-4789-8331-280E525DF34C}"
EndProject
Project("{FAE04EC0-301F-11D3-BF4B-00C04F79EFBC}") = "TaskFactory", "TaskFactory\TaskFactory.csproj", "{F1248B69-304A-4688-A0E6-0F245942F20B}"
EndProject
Project("{FAE04EC0-301F-11D3-BF4B-00C04F79EFBC}") = "Task_ContinueWith", "Task_ContinueWith\Task_ContinueWith.csproj", "{4DA36A55-891A-4FD8-980C-EC6D9EB9DF24}"
EndProject
Project("{FAE04EC0-301F-11D3-BF4B-00C04F79EFBC}") = "Task_returnValue", "Task_returnValue\Task_returnValue.csproj", "{63670C51-1532-4D2C-89A4-434B91C30A9D}"
EndProject
Project("{FAE04EC0-301F-11D3-BF4B-00C04F79EFBC}") = "Task_Cancellation", "Task_Cancellation\Task_Cancellation.csproj", "{A2114AA5-BF89-4DF8-8CA0-404767EBE857}"
EndProject
Project("{FAE04EC0-301F-11D3-BF4B-00C04F79EFBC}") = "Task_Argument", "Task_Argument\Task_Argument.csproj", "{C89EBD0A-CFD9-4EB0-85DF-6C480523AF00}"
EndProject
Project("{FAE04EC0-301F-11D3-BF4B-00C04F79EFBC}") = "ParallelFor", "ParallelFor\ParallelFor.csproj", "{07D82837-2B9C-489D-966B-E5DFE43EFAA3}"
EndProject
Project("{FAE04EC0-301F-11D3-BF4B-00C04F79EFBC}") = "PLINQ", "PLINQ\PLINQ.csproj", "{F8EC2131-50F7-442F-9A42-42A40E3B0A41}"
EndProject
Project("{FAE04EC0-301F-11D3-BF4B-00C04F79EFBC}") = "paralelInvoke", "paralelInvoke\paralelInvoke.csproj", "{DC2432E1-8B6C-4094-8AD2-11B84CC30AE2}"
EndProject
Global
	GlobalSection(SolutionConfigurationPlatforms) = preSolution
		Debug|Any CPU = Debug|Any CPU
		Release|Any CPU = Release|Any CPU
	EndGlobalSection
	GlobalSection(ProjectConfigurationPlatforms) = postSolution
		{6756E5A3-62F3-4314-861F-FF3FDFA8B8B6}.Debug|Any CPU.ActiveCfg = Debug|Any CPU
		{6756E5A3-62F3-4314-861F-FF3FDFA8B8B6}.Debug|Any CPU.Build.0 = Debug|Any CPU
		{6756E5A3-62F3-4314-861F-FF3FDFA8B8B6}.Release|Any CPU.ActiveCfg = Release|Any CPU
		{6756E5A3-62F3-4314-861F-FF3FDFA8B8B6}.Release|Any CPU.Build.0 = Release|Any CPU
		{DC0E5E61-B2D2-44BD-BDB8-8174A703C1F8}.Debug|Any CPU.ActiveCfg = Debug|Any CPU
		{DC0E5E61-B2D2-44BD-BDB8-8174A703C1F8}.Debug|Any CPU.Build.0 = Debug|Any CPU
		{DC0E5E61-B2D2-44BD-BDB8-8174A703C1F8}.Release|Any CPU.ActiveCfg = Release|Any CPU
		{DC0E5E61-B2D2-44BD-BDB8-8174A703C1F8}.Release|Any CPU.Build.0 = Release|Any CPU
		{34569E71-E977-4D9A-8865-C7A26BD2052A}.Debug|Any CPU.ActiveCfg = Debug|Any CPU
		{34569E71-E977-4D9A-8865-C7A26BD2052A}.Debug|Any CPU.Build.0 = Debug|Any CPU
		{34569E71-E977-4D9A-8865-C7A26BD2052A}.Release|Any CPU.ActiveCfg = Release|Any CPU
		{34569E71-E977-4D9A-8865-C7A26BD2052A}.Release|Any CPU.Build.0 = Release|Any CPU
		{8997130A-42BE-473D-B7DA-28682CDA5357}.Debug|Any CPU.ActiveCfg = Debug|Any CPU
		{8997130A-42BE-473D-B7DA-28682CDA5357}.Debug|Any CPU.Build.0 = Debug|Any CPU
		{8997130A-42BE-473D-B7DA-28682CDA5357}.Release|Any CPU.ActiveCfg = Release|Any CPU
		{8997130A-42BE-473D-B7DA-28682CDA5357}.Release|Any CPU.Build.0 = Release|Any CPU
		{B38EE0CC-7033-423A-A2CE-DEFE90ADA2B1}.Debug|Any CPU.ActiveCfg = Debug|Any CPU
		{B38EE0CC-7033-423A-A2CE-DEFE90ADA2B1}.Debug|Any CPU.Build.0 = Debug|Any CPU
		{B38EE0CC-7033-423A-A2CE-DEFE90ADA2B1}.Release|Any CPU.ActiveCfg = Release|Any CPU
		{B38EE0CC-7033-423A-A2CE-DEFE90ADA2B1}.Release|Any CPU.Build.0 = Release|Any CPU
		{CE47BACF-C11A-49CF-9C59-1732718E58E4}.Debug|Any CPU.ActiveCfg = Debug|Any CPU
		{CE47BACF-C11A-49CF-9C59-1732718E58E4}.Debug|Any CPU.Build.0 = Debug|Any CPU
		{CE47BACF-C11A-49CF-9C59-1732718E58E4}.Release|Any CPU.ActiveCfg = Release|Any CPU
		{CE47BACF-C11A-49CF-9C59-1732718E58E4}.Release|Any CPU.Build.0 = Release|Any CPU
		{59FC60F9-284A-42D2-808C-6ACB6F053941}.Debug|Any CPU.ActiveCfg = Debug|Any CPU
		{59FC60F9-284A-42D2-808C-6ACB6F053941}.Debug|Any CPU.Build.0 = Debug|Any CPU
		{59FC60F9-284A-42D2-808C-6ACB6F053941}.Release|Any CPU.ActiveCfg = Release|Any CPU
		{59FC60F9-284A-42D2-808C-6ACB6F053941}.Release|Any CPU.Build.0 = Release|Any CPU
		{3E1A2714-48C4-4164-8840-76F0F56EA37B}.Debug|Any CPU.ActiveCfg = Debug|Any CPU
		{3E1A2714-48C4-4164-8840-76F0F56EA37B}.Debug|Any CPU.Build.0 = Debug|Any CPU
		{3E1A2714-48C4-4164-8840-76F0F56EA37B}.Release|Any CPU.ActiveCfg = Release|Any CPU
		{3E1A2714-48C4-4164-8840-76F0F56EA37B}.Release|Any CPU.Build.0 = Release|Any CPU
		{5291DD72-13A1-49B5-BA84-47EF58BC6E9F}.Debug|Any CPU.ActiveCfg = Debug|Any CPU
		{5291DD72-13A1-49B5-BA84-47EF58BC6E9F}.Debug|Any CPU.Build.0 = Debug|Any CPU
		{5291DD72-13A1-49B5-BA84-47EF58BC6E9F}.Release|Any CPU.ActiveCfg = Release|Any CPU
		{5291DD72-13A1-49B5-BA84-47EF58BC6E9F}.Release|Any CPU.Build.0 = Release|Any CPU
		{2938AD05-08F0-4741-9099-956AFAC32312}.Debug|Any CPU.ActiveCfg = Debug|Any CPU
		{2938AD05-08F0-4741-9099-956AFAC32312}.Debug|Any CPU.Build.0 = Debug|Any CPU
		{2938AD05-08F0-4741-9099-956AFAC32312}.Release|Any CPU.ActiveCfg = Release|Any CPU
		{2938AD05-08F0-4741-9099-956AFAC32312}.Release|Any CPU.Build.0 = Release|Any CPU
		{9E0F2DEE-D1E5-4789-8331-280E525DF34C}.Debug|Any CPU.ActiveCfg = Debug|Any CPU
		{9E0F2DEE-D1E5-4789-8331-280E525DF34C}.Debug|Any CPU.Build.0 = Debug|Any CPU
		{9E0F2DEE-D1E5-4789-8331-280E525DF34C}.Release|Any CPU.ActiveCfg = Release|Any CPU
		{9E0F2DEE-D1E5-4789-8331-280E525DF34C}.Release|Any CPU.Build.0 = Release|Any CPU
		{F1248B69-304A-4688-A0E6-0F245942F20B}.Debug|Any CPU.ActiveCfg = Debug|Any CPU
		{F1248B69-304A-4688-A0E6-0F245942F20B}.Debug|Any CPU.Build.0 = Debug|Any CPU
		{F1248B69-304A-4688-A0E6-0F245942F20B}.Release|Any CPU.ActiveCfg = Release|Any CPU
		{F1248B69-304A-4688-A0E6-0F245942F20B}.Release|Any CPU.Build.0 = Release|Any CPU
		{4DA36A55-891A-4FD8-980C-EC6D9EB9DF24}.Debug|Any CPU.ActiveCfg = Debug|Any CPU
		{4DA36A55-891A-4FD8-980C-EC6D9EB9DF24}.Debug|Any CPU.Build.0 = Debug|Any CPU
		{4DA36A55-891A-4FD8-980C-EC6D9EB9DF24}.Release|Any CPU.ActiveCfg = Release|Any CPU
		{4DA36A55-891A-4FD8-980C-EC6D9EB9DF24}.Release|Any CPU.Build.0 = Release|Any CPU
		{63670C51-1532-4D2C-89A4-434B91C30A9D}.Debug|Any CPU.ActiveCfg = Debug|Any CPU
		{63670C51-1532-4D2C-89A4-434B91C30A9D}.Debug|Any CPU.Build.0 = Debug|Any CPU
		{63670C51-1532-4D2C-89A4-434B91C30A9D}.Release|Any CPU.ActiveCfg = Release|Any CPU
		{63670C51-1532-4D2C-89A4-434B91C30A9D}.Release|Any CPU.Build.0 = Release|Any CPU
		{A2114AA5-BF89-4DF8-8CA0-404767EBE857}.Debug|Any CPU.ActiveCfg = Debug|Any CPU
		{A2114AA5-BF89-4DF8-8CA0-404767EBE857}.Debug|Any CPU.Build.0 = Debug|Any CPU
		{A2114AA5-BF89-4DF8-8CA0-404767EBE857}.Release|Any CPU.ActiveCfg = Release|Any CPU
		{A2114AA5-BF89-4DF8-8CA0-404767EBE857}.Release|Any CPU.Build.0 = Release|Any CPU
		{C89EBD0A-CFD9-4EB0-85DF-6C480523AF00}.Debug|Any CPU.ActiveCfg = Debug|Any CPU
		{C89EBD0A-CFD9-4EB0-85DF-6C480523AF00}.Debug|Any CPU.Build.0 = Debug|Any CPU
		{C89EBD0A-CFD9-4EB0-85DF-6C480523AF00}.Release|Any CPU.ActiveCfg = Release|Any CPU
		{C89EBD0A-CFD9-4EB0-85DF-6C480523AF00}.Release|Any CPU.Build.0 = Release|Any CPU
		{07D82837-2B9C-489D-966B-E5DFE43EFAA3}.Debug|Any CPU.ActiveCfg = Debug|Any CPU
		{07D82837-2B9C-489D-966B-E5DFE43EFAA3}.Debug|Any CPU.Build.0 = Debug|Any CPU
		{07D82837-2B9C-489D-966B-E5DFE43EFAA3}.Release|Any CPU.ActiveCfg = Release|Any CPU
		{07D82837-2B9C-489D-966B-E5DFE43EFAA3}.Release|Any CPU.Build.0 = Release|Any CPU
		{F8EC2131-50F7-442F-9A42-42A40E3B0A41}.Debug|Any CPU.ActiveCfg = Debug|Any CPU
		{F8EC2131-50F7-442F-9A42-42A40E3B0A41}.Debug|Any CPU.Build.0 = Debug|Any CPU
		{F8EC2131-50F7-442F-9A42-42A40E3B0A41}.Release|Any CPU.ActiveCfg = Release|Any CPU
		{F8EC2131-50F7-442F-9A42-42A40E3B0A41}.Release|Any CPU.Build.0 = Release|Any CPU
		{DC2432E1-8B6C-4094-8AD2-11B84CC30AE2}.Debug|Any CPU.ActiveCfg = Debug|Any CPU
		{DC2432E1-8B6C-4094-8AD2-11B84CC30AE2}.Debug|Any CPU.Build.0 = Debug|Any CPU
		{DC2432E1-8B6C-4094-8AD2-11B84CC30AE2}.Release|Any CPU.ActiveCfg = Release|Any CPU
		{DC2432E1-8B6C-4094-8AD2-11B84CC30AE2}.Release|Any CPU.Build.0 = Release|Any CPU
	EndGlobalSection
	GlobalSection(SolutionProperties) = preSolution
		HideSolutionNode = FALSE
	EndGlobalSection
	GlobalSection(NestedProjects) = preSolution
		{B38EE0CC-7033-423A-A2CE-DEFE90ADA2B1} = {ECD15F2F-C842-4885-9B76-F8846843280C}
		{CE47BACF-C11A-49CF-9C59-1732718E58E4} = {ECD15F2F-C842-4885-9B76-F8846843280C}
		{59FC60F9-284A-42D2-808C-6ACB6F053941} = {ECD15F2F-C842-4885-9B76-F8846843280C}
		{3E1A2714-48C4-4164-8840-76F0F56EA37B} = {ECD15F2F-C842-4885-9B76-F8846843280C}
		{5291DD72-13A1-49B5-BA84-47EF58BC6E9F} = {ECD15F2F-C842-4885-9B76-F8846843280C}
		{9E0F2DEE-D1E5-4789-8331-280E525DF34C} = {1783D730-460F-4CB5-8050-50D34226166A}
		{F1248B69-304A-4688-A0E6-0F245942F20B} = {1783D730-460F-4CB5-8050-50D34226166A}
		{4DA36A55-891A-4FD8-980C-EC6D9EB9DF24} = {1783D730-460F-4CB5-8050-50D34226166A}
		{63670C51-1532-4D2C-89A4-434B91C30A9D} = {1783D730-460F-4CB5-8050-50D34226166A}
		{A2114AA5-BF89-4DF8-8CA0-404767EBE857} = {1783D730-460F-4CB5-8050-50D34226166A}
		{C89EBD0A-CFD9-4EB0-85DF-6C480523AF00} = {1783D730-460F-4CB5-8050-50D34226166A}
		{07D82837-2B9C-489D-966B-E5DFE43EFAA3} = {1783D730-460F-4CB5-8050-50D34226166A}
		{F8EC2131-50F7-442F-9A42-42A40E3B0A41} = {1783D730-460F-4CB5-8050-50D34226166A}
		{DC2432E1-8B6C-4094-8AD2-11B84CC30AE2} = {1783D730-460F-4CB5-8050-50D34226166A}
	EndGlobalSection
	GlobalSection(ExtensibilityGlobals) = postSolution
		SolutionGuid = {536C8362-A21A-49CA-80A1-2B2F5C0008D8}
	EndGlobalSection
EndGlobal
